
Microsoft Visual Studio Solution File, Format Version 12.00
# Visual Studio Version 16
VisualStudioVersion = 25.0.1705.7
MinimumVisualStudioVersion = 10.0.40219.1
Project("{FAE04EC0-301F-11D3-BF4B-00C04F79EFBC}") = "test", "test\test.csproj", "{8B885D10-855D-47A0-A6BF-A27871FCEB63}"
EndProject
Global
	GlobalSection(SolutionConfigurationPlatforms) = preSolution
		Debug|Any CPU = Debug|Any CPU
		Release|Any CPU = Release|Any CPU
	EndGlobalSection
	GlobalSection(ProjectConfigurationPlatforms) = postSolution
		{8B885D10-855D-47A0-A6BF-A27871FCEB63}.Debug|Any CPU.ActiveCfg = Debug|Any CPU
		{8B885D10-855D-47A0-A6BF-A27871FCEB63}.Debug|Any CPU.Build.0 = Debug|Any CPU
		{8B885D10-855D-47A0-A6BF-A27871FCEB63}.Release|Any CPU.ActiveCfg = Release|Any CPU
		{8B885D10-855D-47A0-A6BF-A27871FCEB63}.Release|Any CPU.Build.0 = Release|Any CPU
	EndGlobalSection
	GlobalSection(SolutionProperties) = preSolution
		HideSolutionNode = FALSE
	EndGlobalSection
	GlobalSection(ExtensibilityGlobals) = postSolution
		SolutionGuid = {A490F12E-6488-446E-BCD6-D05FE0595FF8}
	EndGlobalSection
EndGlobal
